// !$*UTF8*$!
{
	archiveVersion = 1;
	classes = {
	};
	objectVersion = 51;
	objects = {

/* Begin PBXBuildFile section */
		3E9426AB831ACC4EE14EBEDC /* Pods_SolutisTesteTests.framework in Frameworks */ = {isa = PBXBuildFile; fileRef = 68492459748EAAF558C61C32 /* Pods_SolutisTesteTests.framework */; };
		706B4C111553D8C3E1EC1DD3 /* Pods_SolutisTeste_SolutisTesteUITests.framework in Frameworks */ = {isa = PBXBuildFile; fileRef = 9547EE497ABCB8F8D54E3083 /* Pods_SolutisTeste_SolutisTesteUITests.framework */; };
		859AEE0C4FDDB392CF0BD68B /* Pods_SolutisTeste.framework in Frameworks */ = {isa = PBXBuildFile; fileRef = 71EEE8A56F7D0992599AD92D /* Pods_SolutisTeste.framework */; };
		BAB5D6C026E0130C00423531 /* APIRequest.swift in Sources */ = {isa = PBXBuildFile; fileRef = BAB5D6BF26E0130C00423531 /* APIRequest.swift */; };
		BAB5D6C426E019EB00423531 /* UserModel.swift in Sources */ = {isa = PBXBuildFile; fileRef = BAB5D6C326E019EB00423531 /* UserModel.swift */; };
		BAB5D6C626E1025400423531 /* CardCellViewController.swift in Sources */ = {isa = PBXBuildFile; fileRef = BAB5D6C526E1025400423531 /* CardCellViewController.swift */; };
		BAB5D6C826E104C900423531 /* oldStatementViewController.swift in Sources */ = {isa = PBXBuildFile; fileRef = BAB5D6C726E104C900423531 /* oldStatementViewController.swift */; };
		BAB5D6CA26E12D0600423531 /* UserDataModel.swift in Sources */ = {isa = PBXBuildFile; fileRef = BAB5D6C926E12D0600423531 /* UserDataModel.swift */; };
		BAB5D6D926E29DE000423531 /* Utils.swift in Sources */ = {isa = PBXBuildFile; fileRef = BAB5D6D826E29DE000423531 /* Utils.swift */; };
		BACF36A626F36DE700AB5F03 /* StatementPresenter.swift in Sources */ = {isa = PBXBuildFile; fileRef = BACF36A026F36DE700AB5F03 /* StatementPresenter.swift */; };
		BACF36A726F36DE700AB5F03 /* StatementWorker.swift in Sources */ = {isa = PBXBuildFile; fileRef = BACF36A126F36DE700AB5F03 /* StatementWorker.swift */; };
		BACF36A826F36DE700AB5F03 /* StatementRouter.swift in Sources */ = {isa = PBXBuildFile; fileRef = BACF36A226F36DE700AB5F03 /* StatementRouter.swift */; };
		BACF36A926F36DE700AB5F03 /* StatementModels.swift in Sources */ = {isa = PBXBuildFile; fileRef = BACF36A326F36DE700AB5F03 /* StatementModels.swift */; };
		BACF36AA26F36DE700AB5F03 /* StatementViewController.swift in Sources */ = {isa = PBXBuildFile; fileRef = BACF36A426F36DE700AB5F03 /* StatementViewController.swift */; };
		BACF36AB26F36DE700AB5F03 /* StatementInteractor.swift in Sources */ = {isa = PBXBuildFile; fileRef = BACF36A526F36DE700AB5F03 /* StatementInteractor.swift */; };
		BACF36B226F36E0300AB5F03 /* LoginPresenter.swift in Sources */ = {isa = PBXBuildFile; fileRef = BACF36AC26F36E0300AB5F03 /* LoginPresenter.swift */; };
		BACF36B326F36E0300AB5F03 /* LoginWorker.swift in Sources */ = {isa = PBXBuildFile; fileRef = BACF36AD26F36E0300AB5F03 /* LoginWorker.swift */; };
		BACF36B426F36E0300AB5F03 /* LoginRouter.swift in Sources */ = {isa = PBXBuildFile; fileRef = BACF36AE26F36E0300AB5F03 /* LoginRouter.swift */; };
		BACF36B526F36E0300AB5F03 /* LoginModels.swift in Sources */ = {isa = PBXBuildFile; fileRef = BACF36AF26F36E0300AB5F03 /* LoginModels.swift */; };
		BACF36B626F36E0300AB5F03 /* LoginViewController.swift in Sources */ = {isa = PBXBuildFile; fileRef = BACF36B026F36E0300AB5F03 /* LoginViewController.swift */; };
		BACF36B726F36E0300AB5F03 /* LoginInteractor.swift in Sources */ = {isa = PBXBuildFile; fileRef = BACF36B126F36E0300AB5F03 /* LoginInteractor.swift */; };
		C4F4766D26D02380000DF719 /* AppDelegate.swift in Sources */ = {isa = PBXBuildFile; fileRef = C4F4766C26D02380000DF719 /* AppDelegate.swift */; };
		C4F4766F26D02380000DF719 /* SceneDelegate.swift in Sources */ = {isa = PBXBuildFile; fileRef = C4F4766E26D02380000DF719 /* SceneDelegate.swift */; };
		C4F4767126D02380000DF719 /* oldLoginViewController.swift in Sources */ = {isa = PBXBuildFile; fileRef = C4F4767026D02380000DF719 /* oldLoginViewController.swift */; };
		C4F4767426D02380000DF719 /* Main.storyboard in Resources */ = {isa = PBXBuildFile; fileRef = C4F4767226D02380000DF719 /* Main.storyboard */; };
		C4F4767626D02381000DF719 /* Assets.xcassets in Resources */ = {isa = PBXBuildFile; fileRef = C4F4767526D02381000DF719 /* Assets.xcassets */; };
		C4F4767926D02381000DF719 /* LaunchScreen.storyboard in Resources */ = {isa = PBXBuildFile; fileRef = C4F4767726D02381000DF719 /* LaunchScreen.storyboard */; };
		C4F4768426D02382000DF719 /* SolutisTesteTests.swift in Sources */ = {isa = PBXBuildFile; fileRef = C4F4768326D02382000DF719 /* SolutisTesteTests.swift */; };
		C4F4768F26D02382000DF719 /* SolutisTesteUITests.swift in Sources */ = {isa = PBXBuildFile; fileRef = C4F4768E26D02382000DF719 /* SolutisTesteUITests.swift */; };
/* End PBXBuildFile section */

/* Begin PBXContainerItemProxy section */
		C4F4768026D02382000DF719 /* PBXContainerItemProxy */ = {
			isa = PBXContainerItemProxy;
			containerPortal = C4F4766126D02380000DF719 /* Project object */;
			proxyType = 1;
			remoteGlobalIDString = C4F4766826D02380000DF719;
			remoteInfo = SolutisTeste;
		};
		C4F4768B26D02382000DF719 /* PBXContainerItemProxy */ = {
			isa = PBXContainerItemProxy;
			containerPortal = C4F4766126D02380000DF719 /* Project object */;
			proxyType = 1;
			remoteGlobalIDString = C4F4766826D02380000DF719;
			remoteInfo = SolutisTeste;
		};
/* End PBXContainerItemProxy section */

/* Begin PBXFileReference section */
		054E5C868E2194E1736A62E0 /* Pods-SolutisTeste-SolutisTesteUITests.release.xcconfig */ = {isa = PBXFileReference; includeInIndex = 1; lastKnownFileType = text.xcconfig; name = "Pods-SolutisTeste-SolutisTesteUITests.release.xcconfig"; path = "Target Support Files/Pods-SolutisTeste-SolutisTesteUITests/Pods-SolutisTeste-SolutisTesteUITests.release.xcconfig"; sourceTree = "<group>"; };
		224B47D6045203B65F67C12C /* Pods-SolutisTeste.release.xcconfig */ = {isa = PBXFileReference; includeInIndex = 1; lastKnownFileType = text.xcconfig; name = "Pods-SolutisTeste.release.xcconfig"; path = "Target Support Files/Pods-SolutisTeste/Pods-SolutisTeste.release.xcconfig"; sourceTree = "<group>"; };
		2A3392711A4619AC24AFCDF6 /* Pods-SolutisTesteTests.debug.xcconfig */ = {isa = PBXFileReference; includeInIndex = 1; lastKnownFileType = text.xcconfig; name = "Pods-SolutisTesteTests.debug.xcconfig"; path = "Target Support Files/Pods-SolutisTesteTests/Pods-SolutisTesteTests.debug.xcconfig"; sourceTree = "<group>"; };
		50FC73245AA38DC816757CC4 /* Pods-SolutisTeste-SolutisTesteUITests.debug.xcconfig */ = {isa = PBXFileReference; includeInIndex = 1; lastKnownFileType = text.xcconfig; name = "Pods-SolutisTeste-SolutisTesteUITests.debug.xcconfig"; path = "Target Support Files/Pods-SolutisTeste-SolutisTesteUITests/Pods-SolutisTeste-SolutisTesteUITests.debug.xcconfig"; sourceTree = "<group>"; };
		6325ABB25045792B3A7C4C12 /* Pods-SolutisTesteTests.release.xcconfig */ = {isa = PBXFileReference; includeInIndex = 1; lastKnownFileType = text.xcconfig; name = "Pods-SolutisTesteTests.release.xcconfig"; path = "Target Support Files/Pods-SolutisTesteTests/Pods-SolutisTesteTests.release.xcconfig"; sourceTree = "<group>"; };
		68492459748EAAF558C61C32 /* Pods_SolutisTesteTests.framework */ = {isa = PBXFileReference; explicitFileType = wrapper.framework; includeInIndex = 0; path = Pods_SolutisTesteTests.framework; sourceTree = BUILT_PRODUCTS_DIR; };
		71EEE8A56F7D0992599AD92D /* Pods_SolutisTeste.framework */ = {isa = PBXFileReference; explicitFileType = wrapper.framework; includeInIndex = 0; path = Pods_SolutisTeste.framework; sourceTree = BUILT_PRODUCTS_DIR; };
		9547EE497ABCB8F8D54E3083 /* Pods_SolutisTeste_SolutisTesteUITests.framework */ = {isa = PBXFileReference; explicitFileType = wrapper.framework; includeInIndex = 0; path = Pods_SolutisTeste_SolutisTesteUITests.framework; sourceTree = BUILT_PRODUCTS_DIR; };
		BAB5D6BF26E0130C00423531 /* APIRequest.swift */ = {isa = PBXFileReference; lastKnownFileType = sourcecode.swift; path = APIRequest.swift; sourceTree = "<group>"; };
		BAB5D6C326E019EB00423531 /* UserModel.swift */ = {isa = PBXFileReference; lastKnownFileType = sourcecode.swift; path = UserModel.swift; sourceTree = "<group>"; };
		BAB5D6C526E1025400423531 /* CardCellViewController.swift */ = {isa = PBXFileReference; lastKnownFileType = sourcecode.swift; path = CardCellViewController.swift; sourceTree = "<group>"; };
		BAB5D6C726E104C900423531 /* oldStatementViewController.swift */ = {isa = PBXFileReference; lastKnownFileType = sourcecode.swift; path = oldStatementViewController.swift; sourceTree = "<group>"; };
		BAB5D6C926E12D0600423531 /* UserDataModel.swift */ = {isa = PBXFileReference; lastKnownFileType = sourcecode.swift; path = UserDataModel.swift; sourceTree = "<group>"; };
		BAB5D6D826E29DE000423531 /* Utils.swift */ = {isa = PBXFileReference; lastKnownFileType = sourcecode.swift; path = Utils.swift; sourceTree = "<group>"; };
		BACF36A026F36DE700AB5F03 /* StatementPresenter.swift */ = {isa = PBXFileReference; lastKnownFileType = sourcecode.swift; path = StatementPresenter.swift; sourceTree = "<group>"; };
		BACF36A126F36DE700AB5F03 /* StatementWorker.swift */ = {isa = PBXFileReference; lastKnownFileType = sourcecode.swift; path = StatementWorker.swift; sourceTree = "<group>"; };
		BACF36A226F36DE700AB5F03 /* StatementRouter.swift */ = {isa = PBXFileReference; lastKnownFileType = sourcecode.swift; path = StatementRouter.swift; sourceTree = "<group>"; };
		BACF36A326F36DE700AB5F03 /* StatementModels.swift */ = {isa = PBXFileReference; lastKnownFileType = sourcecode.swift; path = StatementModels.swift; sourceTree = "<group>"; };
		BACF36A426F36DE700AB5F03 /* StatementViewController.swift */ = {isa = PBXFileReference; lastKnownFileType = sourcecode.swift; path = StatementViewController.swift; sourceTree = "<group>"; };
		BACF36A526F36DE700AB5F03 /* StatementInteractor.swift */ = {isa = PBXFileReference; lastKnownFileType = sourcecode.swift; path = StatementInteractor.swift; sourceTree = "<group>"; };
		BACF36AC26F36E0300AB5F03 /* LoginPresenter.swift */ = {isa = PBXFileReference; lastKnownFileType = sourcecode.swift; path = LoginPresenter.swift; sourceTree = "<group>"; };
		BACF36AD26F36E0300AB5F03 /* LoginWorker.swift */ = {isa = PBXFileReference; lastKnownFileType = sourcecode.swift; path = LoginWorker.swift; sourceTree = "<group>"; };
		BACF36AE26F36E0300AB5F03 /* LoginRouter.swift */ = {isa = PBXFileReference; lastKnownFileType = sourcecode.swift; path = LoginRouter.swift; sourceTree = "<group>"; };
		BACF36AF26F36E0300AB5F03 /* LoginModels.swift */ = {isa = PBXFileReference; lastKnownFileType = sourcecode.swift; path = LoginModels.swift; sourceTree = "<group>"; };
		BACF36B026F36E0300AB5F03 /* LoginViewController.swift */ = {isa = PBXFileReference; lastKnownFileType = sourcecode.swift; path = LoginViewController.swift; sourceTree = "<group>"; };
		BACF36B126F36E0300AB5F03 /* LoginInteractor.swift */ = {isa = PBXFileReference; lastKnownFileType = sourcecode.swift; path = LoginInteractor.swift; sourceTree = "<group>"; };
		C4F4766926D02380000DF719 /* SolutisTeste.app */ = {isa = PBXFileReference; explicitFileType = wrapper.application; includeInIndex = 0; path = SolutisTeste.app; sourceTree = BUILT_PRODUCTS_DIR; };
		C4F4766C26D02380000DF719 /* AppDelegate.swift */ = {isa = PBXFileReference; lastKnownFileType = sourcecode.swift; path = AppDelegate.swift; sourceTree = "<group>"; };
		C4F4766E26D02380000DF719 /* SceneDelegate.swift */ = {isa = PBXFileReference; lastKnownFileType = sourcecode.swift; path = SceneDelegate.swift; sourceTree = "<group>"; };
		C4F4767026D02380000DF719 /* oldLoginViewController.swift */ = {isa = PBXFileReference; lastKnownFileType = sourcecode.swift; path = oldLoginViewController.swift; sourceTree = "<group>"; };
		C4F4767326D02380000DF719 /* Base */ = {isa = PBXFileReference; lastKnownFileType = file.storyboard; name = Base; path = Base.lproj/Main.storyboard; sourceTree = "<group>"; };
		C4F4767526D02381000DF719 /* Assets.xcassets */ = {isa = PBXFileReference; lastKnownFileType = folder.assetcatalog; path = Assets.xcassets; sourceTree = "<group>"; };
		C4F4767826D02381000DF719 /* Base */ = {isa = PBXFileReference; lastKnownFileType = file.storyboard; name = Base; path = Base.lproj/LaunchScreen.storyboard; sourceTree = "<group>"; };
		C4F4767A26D02381000DF719 /* Info.plist */ = {isa = PBXFileReference; lastKnownFileType = text.plist.xml; path = Info.plist; sourceTree = "<group>"; };
		C4F4767F26D02382000DF719 /* SolutisTesteTests.xctest */ = {isa = PBXFileReference; explicitFileType = wrapper.cfbundle; includeInIndex = 0; path = SolutisTesteTests.xctest; sourceTree = BUILT_PRODUCTS_DIR; };
		C4F4768326D02382000DF719 /* SolutisTesteTests.swift */ = {isa = PBXFileReference; lastKnownFileType = sourcecode.swift; path = SolutisTesteTests.swift; sourceTree = "<group>"; };
		C4F4768526D02382000DF719 /* Info.plist */ = {isa = PBXFileReference; lastKnownFileType = text.plist.xml; path = Info.plist; sourceTree = "<group>"; };
		C4F4768A26D02382000DF719 /* SolutisTesteUITests.xctest */ = {isa = PBXFileReference; explicitFileType = wrapper.cfbundle; includeInIndex = 0; path = SolutisTesteUITests.xctest; sourceTree = BUILT_PRODUCTS_DIR; };
		C4F4768E26D02382000DF719 /* SolutisTesteUITests.swift */ = {isa = PBXFileReference; lastKnownFileType = sourcecode.swift; path = SolutisTesteUITests.swift; sourceTree = "<group>"; };
		C4F4769026D02382000DF719 /* Info.plist */ = {isa = PBXFileReference; lastKnownFileType = text.plist.xml; path = Info.plist; sourceTree = "<group>"; };
		CD1EC85D86DC7B00E22E2C40 /* Pods-SolutisTeste.debug.xcconfig */ = {isa = PBXFileReference; includeInIndex = 1; lastKnownFileType = text.xcconfig; name = "Pods-SolutisTeste.debug.xcconfig"; path = "Target Support Files/Pods-SolutisTeste/Pods-SolutisTeste.debug.xcconfig"; sourceTree = "<group>"; };
/* End PBXFileReference section */

/* Begin PBXFrameworksBuildPhase section */
		C4F4766626D02380000DF719 /* Frameworks */ = {
			isa = PBXFrameworksBuildPhase;
			buildActionMask = 2147483647;
			files = (
				859AEE0C4FDDB392CF0BD68B /* Pods_SolutisTeste.framework in Frameworks */,
			);
			runOnlyForDeploymentPostprocessing = 0;
		};
		C4F4767C26D02382000DF719 /* Frameworks */ = {
			isa = PBXFrameworksBuildPhase;
			buildActionMask = 2147483647;
			files = (
				3E9426AB831ACC4EE14EBEDC /* Pods_SolutisTesteTests.framework in Frameworks */,
			);
			runOnlyForDeploymentPostprocessing = 0;
		};
		C4F4768726D02382000DF719 /* Frameworks */ = {
			isa = PBXFrameworksBuildPhase;
			buildActionMask = 2147483647;
			files = (
				706B4C111553D8C3E1EC1DD3 /* Pods_SolutisTeste_SolutisTesteUITests.framework in Frameworks */,
			);
			runOnlyForDeploymentPostprocessing = 0;
		};
/* End PBXFrameworksBuildPhase section */

/* Begin PBXGroup section */
		7702FE55631A4C1E2F97670E /* Pods */ = {
			isa = PBXGroup;
			children = (
				CD1EC85D86DC7B00E22E2C40 /* Pods-SolutisTeste.debug.xcconfig */,
				224B47D6045203B65F67C12C /* Pods-SolutisTeste.release.xcconfig */,
				50FC73245AA38DC816757CC4 /* Pods-SolutisTeste-SolutisTesteUITests.debug.xcconfig */,
				054E5C868E2194E1736A62E0 /* Pods-SolutisTeste-SolutisTesteUITests.release.xcconfig */,
				2A3392711A4619AC24AFCDF6 /* Pods-SolutisTesteTests.debug.xcconfig */,
				6325ABB25045792B3A7C4C12 /* Pods-SolutisTesteTests.release.xcconfig */,
			);
			path = Pods;
			sourceTree = "<group>";
		};
		BA00B79926DDB68F0060FC37 /* Model */ = {
			isa = PBXGroup;
			children = (
				BAB5D6C926E12D0600423531 /* UserDataModel.swift */,
				BAB5D6C326E019EB00423531 /* UserModel.swift */,
			);
			path = Model;
			sourceTree = "<group>";
		};
		BA00B79A26DDB69B0060FC37 /* View */ = {
			isa = PBXGroup;
			children = (
				C4F4766E26D02380000DF719 /* SceneDelegate.swift */,
				C4F4767726D02381000DF719 /* LaunchScreen.storyboard */,
				C4F4767226D02380000DF719 /* Main.storyboard */,
			);
			path = View;
			sourceTree = "<group>";
		};
		BA00B79B26DDB69F0060FC37 /* Scenes */ = {
			isa = PBXGroup;
			children = (
				BACF369F26F36D9500AB5F03 /* Statement */,
				BACF369E26F36D8E00AB5F03 /* Login */,
				C4F4767026D02380000DF719 /* oldLoginViewController.swift */,
				BAB5D6C726E104C900423531 /* oldStatementViewController.swift */,
			);
			path = Scenes;
			sourceTree = "<group>";
		};
		BAB5D6BE26E011ED00423531 /* Services */ = {
			isa = PBXGroup;
			children = (
				BAB5D6BF26E0130C00423531 /* APIRequest.swift */,
			);
			path = Services;
			sourceTree = "<group>";
		};
		BAB5D6D726E29DCB00423531 /* Utils */ = {
			isa = PBXGroup;
			children = (
				BAB5D6D826E29DE000423531 /* Utils.swift */,
			);
			path = Utils;
			sourceTree = "<group>";
		};
		BACF369D26F36C2D00AB5F03 /* Resources */ = {
			isa = PBXGroup;
			children = (
				C4F4767526D02381000DF719 /* Assets.xcassets */,
				C4F4766C26D02380000DF719 /* AppDelegate.swift */,
			);
			path = Resources;
			sourceTree = "<group>";
		};
		BACF369E26F36D8E00AB5F03 /* Login */ = {
			isa = PBXGroup;
			children = (
				BACF36B026F36E0300AB5F03 /* LoginViewController.swift */,
				BACF36B126F36E0300AB5F03 /* LoginInteractor.swift */,
				BACF36AC26F36E0300AB5F03 /* LoginPresenter.swift */,
				BACF36AD26F36E0300AB5F03 /* LoginWorker.swift */,
				BACF36AE26F36E0300AB5F03 /* LoginRouter.swift */,
				BACF36AF26F36E0300AB5F03 /* LoginModels.swift */,
			);
			path = Login;
			sourceTree = "<group>";
		};
		BACF369F26F36D9500AB5F03 /* Statement */ = {
			isa = PBXGroup;
			children = (
				BACF36B826F372BB00AB5F03 /* View */,
				BACF36A426F36DE700AB5F03 /* StatementViewController.swift */,
				BACF36A526F36DE700AB5F03 /* StatementInteractor.swift */,
				BACF36A026F36DE700AB5F03 /* StatementPresenter.swift */,
				BACF36A126F36DE700AB5F03 /* StatementWorker.swift */,
				BACF36A226F36DE700AB5F03 /* StatementRouter.swift */,
				BACF36A326F36DE700AB5F03 /* StatementModels.swift */,
			);
			path = Statement;
			sourceTree = "<group>";
		};
		BACF36B826F372BB00AB5F03 /* View */ = {
			isa = PBXGroup;
			children = (
				BAB5D6C526E1025400423531 /* CardCellViewController.swift */,
			);
			path = View;
			sourceTree = "<group>";
		};
		C4F4766026D02380000DF719 = {
			isa = PBXGroup;
			children = (
				C4F4766B26D02380000DF719 /* SolutisTeste */,
				C4F4768226D02382000DF719 /* SolutisTesteTests */,
				C4F4768D26D02382000DF719 /* SolutisTesteUITests */,
				C4F4766A26D02380000DF719 /* Products */,
				7702FE55631A4C1E2F97670E /* Pods */,
				DB26330D9A4A08B2BC2788B1 /* Frameworks */,
			);
			sourceTree = "<group>";
		};
		C4F4766A26D02380000DF719 /* Products */ = {
			isa = PBXGroup;
			children = (
				C4F4766926D02380000DF719 /* SolutisTeste.app */,
				C4F4767F26D02382000DF719 /* SolutisTesteTests.xctest */,
				C4F4768A26D02382000DF719 /* SolutisTesteUITests.xctest */,
			);
			name = Products;
			sourceTree = "<group>";
		};
		C4F4766B26D02380000DF719 /* SolutisTeste */ = {
			isa = PBXGroup;
			children = (
				BACF369D26F36C2D00AB5F03 /* Resources */,
				BAB5D6D726E29DCB00423531 /* Utils */,
				BAB5D6BE26E011ED00423531 /* Services */,
				BA00B79926DDB68F0060FC37 /* Model */,
				BA00B79B26DDB69F0060FC37 /* Scenes */,
				BA00B79A26DDB69B0060FC37 /* View */,
				C4F4767A26D02381000DF719 /* Info.plist */,
			);
			path = SolutisTeste;
			sourceTree = "<group>";
		};
		C4F4768226D02382000DF719 /* SolutisTesteTests */ = {
			isa = PBXGroup;
			children = (
				C4F4768326D02382000DF719 /* SolutisTesteTests.swift */,
				C4F4768526D02382000DF719 /* Info.plist */,
			);
			path = SolutisTesteTests;
			sourceTree = "<group>";
		};
		C4F4768D26D02382000DF719 /* SolutisTesteUITests */ = {
			isa = PBXGroup;
			children = (
				C4F4768E26D02382000DF719 /* SolutisTesteUITests.swift */,
				C4F4769026D02382000DF719 /* Info.plist */,
			);
			path = SolutisTesteUITests;
			sourceTree = "<group>";
		};
		DB26330D9A4A08B2BC2788B1 /* Frameworks */ = {
			isa = PBXGroup;
			children = (
				71EEE8A56F7D0992599AD92D /* Pods_SolutisTeste.framework */,
				9547EE497ABCB8F8D54E3083 /* Pods_SolutisTeste_SolutisTesteUITests.framework */,
				68492459748EAAF558C61C32 /* Pods_SolutisTesteTests.framework */,
			);
			name = Frameworks;
			sourceTree = "<group>";
		};
/* End PBXGroup section */

/* Begin PBXNativeTarget section */
		C4F4766826D02380000DF719 /* SolutisTeste */ = {
			isa = PBXNativeTarget;
			buildConfigurationList = C4F4769326D02382000DF719 /* Build configuration list for PBXNativeTarget "SolutisTeste" */;
			buildPhases = (
				164DD3844A9A46ADEEE4EF62 /* [CP] Check Pods Manifest.lock */,
				C4F4766526D02380000DF719 /* Sources */,
				C4F4766626D02380000DF719 /* Frameworks */,
				C4F4766726D02380000DF719 /* Resources */,
				59497057D786150310172065 /* [CP] Embed Pods Frameworks */,
			);
			buildRules = (
			);
			dependencies = (
			);
			name = SolutisTeste;
			productName = SolutisTeste;
			productReference = C4F4766926D02380000DF719 /* SolutisTeste.app */;
			productType = "com.apple.product-type.application";
		};
		C4F4767E26D02382000DF719 /* SolutisTesteTests */ = {
			isa = PBXNativeTarget;
			buildConfigurationList = C4F4769626D02382000DF719 /* Build configuration list for PBXNativeTarget "SolutisTesteTests" */;
			buildPhases = (
				4A3DD1BE00CB74AFCF66765C /* [CP] Check Pods Manifest.lock */,
				C4F4767B26D02382000DF719 /* Sources */,
				C4F4767C26D02382000DF719 /* Frameworks */,
				C4F4767D26D02382000DF719 /* Resources */,
			);
			buildRules = (
			);
			dependencies = (
				C4F4768126D02382000DF719 /* PBXTargetDependency */,
			);
			name = SolutisTesteTests;
			productName = SolutisTesteTests;
			productReference = C4F4767F26D02382000DF719 /* SolutisTesteTests.xctest */;
			productType = "com.apple.product-type.bundle.unit-test";
		};
		C4F4768926D02382000DF719 /* SolutisTesteUITests */ = {
			isa = PBXNativeTarget;
			buildConfigurationList = C4F4769926D02382000DF719 /* Build configuration list for PBXNativeTarget "SolutisTesteUITests" */;
			buildPhases = (
				0EA2CAEC4C2C5F68E2C15342 /* [CP] Check Pods Manifest.lock */,
				C4F4768626D02382000DF719 /* Sources */,
				C4F4768726D02382000DF719 /* Frameworks */,
				C4F4768826D02382000DF719 /* Resources */,
				6403CD2C04F2BC1B52A16AA4 /* [CP] Embed Pods Frameworks */,
			);
			buildRules = (
			);
			dependencies = (
				C4F4768C26D02382000DF719 /* PBXTargetDependency */,
			);
			name = SolutisTesteUITests;
			productName = SolutisTesteUITests;
			productReference = C4F4768A26D02382000DF719 /* SolutisTesteUITests.xctest */;
			productType = "com.apple.product-type.bundle.ui-testing";
		};
/* End PBXNativeTarget section */

/* Begin PBXProject section */
		C4F4766126D02380000DF719 /* Project object */ = {
			isa = PBXProject;
			attributes = {
				LastSwiftUpdateCheck = 1220;
				LastUpgradeCheck = 1220;
				TargetAttributes = {
					C4F4766826D02380000DF719 = {
						CreatedOnToolsVersion = 12.2;
					};
					C4F4767E26D02382000DF719 = {
						CreatedOnToolsVersion = 12.2;
						TestTargetID = C4F4766826D02380000DF719;
					};
					C4F4768926D02382000DF719 = {
						CreatedOnToolsVersion = 12.2;
						TestTargetID = C4F4766826D02380000DF719;
					};
				};
			};
			buildConfigurationList = C4F4766426D02380000DF719 /* Build configuration list for PBXProject "SolutisTeste" */;
			compatibilityVersion = "Xcode 9.3";
			developmentRegion = en;
			hasScannedForEncodings = 0;
			knownRegions = (
				en,
				Base,
			);
			mainGroup = C4F4766026D02380000DF719;
			productRefGroup = C4F4766A26D02380000DF719 /* Products */;
			projectDirPath = "";
			projectRoot = "";
			targets = (
				C4F4766826D02380000DF719 /* SolutisTeste */,
				C4F4767E26D02382000DF719 /* SolutisTesteTests */,
				C4F4768926D02382000DF719 /* SolutisTesteUITests */,
			);
		};
/* End PBXProject section */

/* Begin PBXResourcesBuildPhase section */
		C4F4766726D02380000DF719 /* Resources */ = {
			isa = PBXResourcesBuildPhase;
			buildActionMask = 2147483647;
			files = (
				C4F4767926D02381000DF719 /* LaunchScreen.storyboard in Resources */,
				C4F4767626D02381000DF719 /* Assets.xcassets in Resources */,
				C4F4767426D02380000DF719 /* Main.storyboard in Resources */,
			);
			runOnlyForDeploymentPostprocessing = 0;
		};
		C4F4767D26D02382000DF719 /* Resources */ = {
			isa = PBXResourcesBuildPhase;
			buildActionMask = 2147483647;
			files = (
			);
			runOnlyForDeploymentPostprocessing = 0;
		};
		C4F4768826D02382000DF719 /* Resources */ = {
			isa = PBXResourcesBuildPhase;
			buildActionMask = 2147483647;
			files = (
			);
			runOnlyForDeploymentPostprocessing = 0;
		};
/* End PBXResourcesBuildPhase section */

/* Begin PBXShellScriptBuildPhase section */
		0EA2CAEC4C2C5F68E2C15342 /* [CP] Check Pods Manifest.lock */ = {
			isa = PBXShellScriptBuildPhase;
			buildActionMask = 2147483647;
			files = (
			);
			inputFileListPaths = (
			);
			inputPaths = (
				"${PODS_PODFILE_DIR_PATH}/Podfile.lock",
				"${PODS_ROOT}/Manifest.lock",
			);
			name = "[CP] Check Pods Manifest.lock";
			outputFileListPaths = (
			);
			outputPaths = (
				"$(DERIVED_FILE_DIR)/Pods-SolutisTeste-SolutisTesteUITests-checkManifestLockResult.txt",
			);
			runOnlyForDeploymentPostprocessing = 0;
			shellPath = /bin/sh;
			shellScript = "diff \"${PODS_PODFILE_DIR_PATH}/Podfile.lock\" \"${PODS_ROOT}/Manifest.lock\" > /dev/null\nif [ $? != 0 ] ; then\n    # print error to STDERR\n    echo \"error: The sandbox is not in sync with the Podfile.lock. Run 'pod install' or update your CocoaPods installation.\" >&2\n    exit 1\nfi\n# This output is used by Xcode 'outputs' to avoid re-running this script phase.\necho \"SUCCESS\" > \"${SCRIPT_OUTPUT_FILE_0}\"\n";
			showEnvVarsInLog = 0;
		};
		164DD3844A9A46ADEEE4EF62 /* [CP] Check Pods Manifest.lock */ = {
			isa = PBXShellScriptBuildPhase;
			buildActionMask = 2147483647;
			files = (
			);
			inputFileListPaths = (
			);
			inputPaths = (
				"${PODS_PODFILE_DIR_PATH}/Podfile.lock",
				"${PODS_ROOT}/Manifest.lock",
			);
			name = "[CP] Check Pods Manifest.lock";
			outputFileListPaths = (
			);
			outputPaths = (
				"$(DERIVED_FILE_DIR)/Pods-SolutisTeste-checkManifestLockResult.txt",
			);
			runOnlyForDeploymentPostprocessing = 0;
			shellPath = /bin/sh;
			shellScript = "diff \"${PODS_PODFILE_DIR_PATH}/Podfile.lock\" \"${PODS_ROOT}/Manifest.lock\" > /dev/null\nif [ $? != 0 ] ; then\n    # print error to STDERR\n    echo \"error: The sandbox is not in sync with the Podfile.lock. Run 'pod install' or update your CocoaPods installation.\" >&2\n    exit 1\nfi\n# This output is used by Xcode 'outputs' to avoid re-running this script phase.\necho \"SUCCESS\" > \"${SCRIPT_OUTPUT_FILE_0}\"\n";
			showEnvVarsInLog = 0;
		};
		4A3DD1BE00CB74AFCF66765C /* [CP] Check Pods Manifest.lock */ = {
			isa = PBXShellScriptBuildPhase;
			buildActionMask = 2147483647;
			files = (
			);
			inputFileListPaths = (
			);
			inputPaths = (
				"${PODS_PODFILE_DIR_PATH}/Podfile.lock",
				"${PODS_ROOT}/Manifest.lock",
			);
			name = "[CP] Check Pods Manifest.lock";
			outputFileListPaths = (
			);
			outputPaths = (
				"$(DERIVED_FILE_DIR)/Pods-SolutisTesteTests-checkManifestLockResult.txt",
			);
			runOnlyForDeploymentPostprocessing = 0;
			shellPath = /bin/sh;
			shellScript = "diff \"${PODS_PODFILE_DIR_PATH}/Podfile.lock\" \"${PODS_ROOT}/Manifest.lock\" > /dev/null\nif [ $? != 0 ] ; then\n    # print error to STDERR\n    echo \"error: The sandbox is not in sync with the Podfile.lock. Run 'pod install' or update your CocoaPods installation.\" >&2\n    exit 1\nfi\n# This output is used by Xcode 'outputs' to avoid re-running this script phase.\necho \"SUCCESS\" > \"${SCRIPT_OUTPUT_FILE_0}\"\n";
			showEnvVarsInLog = 0;
		};
		59497057D786150310172065 /* [CP] Embed Pods Frameworks */ = {
			isa = PBXShellScriptBuildPhase;
			buildActionMask = 2147483647;
			files = (
			);
			inputFileListPaths = (
				"${PODS_ROOT}/Target Support Files/Pods-SolutisTeste/Pods-SolutisTeste-frameworks-${CONFIGURATION}-input-files.xcfilelist",
			);
			name = "[CP] Embed Pods Frameworks";
			outputFileListPaths = (
				"${PODS_ROOT}/Target Support Files/Pods-SolutisTeste/Pods-SolutisTeste-frameworks-${CONFIGURATION}-output-files.xcfilelist",
			);
			runOnlyForDeploymentPostprocessing = 0;
			shellPath = /bin/sh;
			shellScript = "\"${PODS_ROOT}/Target Support Files/Pods-SolutisTeste/Pods-SolutisTeste-frameworks.sh\"\n";
			showEnvVarsInLog = 0;
		};
		6403CD2C04F2BC1B52A16AA4 /* [CP] Embed Pods Frameworks */ = {
			isa = PBXShellScriptBuildPhase;
			buildActionMask = 2147483647;
			files = (
			);
			inputFileListPaths = (
				"${PODS_ROOT}/Target Support Files/Pods-SolutisTeste-SolutisTesteUITests/Pods-SolutisTeste-SolutisTesteUITests-frameworks-${CONFIGURATION}-input-files.xcfilelist",
			);
			name = "[CP] Embed Pods Frameworks";
			outputFileListPaths = (
				"${PODS_ROOT}/Target Support Files/Pods-SolutisTeste-SolutisTesteUITests/Pods-SolutisTeste-SolutisTesteUITests-frameworks-${CONFIGURATION}-output-files.xcfilelist",
			);
			runOnlyForDeploymentPostprocessing = 0;
			shellPath = /bin/sh;
			shellScript = "\"${PODS_ROOT}/Target Support Files/Pods-SolutisTeste-SolutisTesteUITests/Pods-SolutisTeste-SolutisTesteUITests-frameworks.sh\"\n";
			showEnvVarsInLog = 0;
		};
/* End PBXShellScriptBuildPhase section */

/* Begin PBXSourcesBuildPhase section */
		C4F4766526D02380000DF719 /* Sources */ = {
			isa = PBXSourcesBuildPhase;
			buildActionMask = 2147483647;
			files = (
				BACF36B226F36E0300AB5F03 /* LoginPresenter.swift in Sources */,
				C4F4767126D02380000DF719 /* oldLoginViewController.swift in Sources */,
				BACF36B726F36E0300AB5F03 /* LoginInteractor.swift in Sources */,
				BAB5D6C626E1025400423531 /* CardCellViewController.swift in Sources */,
				BACF36B326F36E0300AB5F03 /* LoginWorker.swift in Sources */,
				BACF36A826F36DE700AB5F03 /* StatementRouter.swift in Sources */,
				BACF36A626F36DE700AB5F03 /* StatementPresenter.swift in Sources */,
				BACF36AA26F36DE700AB5F03 /* StatementViewController.swift in Sources */,
				BACF36A726F36DE700AB5F03 /* StatementWorker.swift in Sources */,
				BACF36B626F36E0300AB5F03 /* LoginViewController.swift in Sources */,
				BAB5D6D926E29DE000423531 /* Utils.swift in Sources */,
				BAB5D6CA26E12D0600423531 /* UserDataModel.swift in Sources */,
				BAB5D6C426E019EB00423531 /* UserModel.swift in Sources */,
				BAB5D6C826E104C900423531 /* oldStatementViewController.swift in Sources */,
				BACF36A926F36DE700AB5F03 /* StatementModels.swift in Sources */,
				BACF36B526F36E0300AB5F03 /* LoginModels.swift in Sources */,
				C4F4766D26D02380000DF719 /* AppDelegate.swift in Sources */,
				BACF36B426F36E0300AB5F03 /* LoginRouter.swift in Sources */,
				BAB5D6C026E0130C00423531 /* APIRequest.swift in Sources */,
				BACF36AB26F36DE700AB5F03 /* StatementInteractor.swift in Sources */,
				C4F4766F26D02380000DF719 /* SceneDelegate.swift in Sources */,
			);
			runOnlyForDeploymentPostprocessing = 0;
		};
		C4F4767B26D02382000DF719 /* Sources */ = {
			isa = PBXSourcesBuildPhase;
			buildActionMask = 2147483647;
			files = (
				C4F4768426D02382000DF719 /* SolutisTesteTests.swift in Sources */,
			);
			runOnlyForDeploymentPostprocessing = 0;
		};
		C4F4768626D02382000DF719 /* Sources */ = {
			isa = PBXSourcesBuildPhase;
			buildActionMask = 2147483647;
			files = (
				C4F4768F26D02382000DF719 /* SolutisTesteUITests.swift in Sources */,
			);
			runOnlyForDeploymentPostprocessing = 0;
		};
/* End PBXSourcesBuildPhase section */

/* Begin PBXTargetDependency section */
		C4F4768126D02382000DF719 /* PBXTargetDependency */ = {
			isa = PBXTargetDependency;
			target = C4F4766826D02380000DF719 /* SolutisTeste */;
			targetProxy = C4F4768026D02382000DF719 /* PBXContainerItemProxy */;
		};
		C4F4768C26D02382000DF719 /* PBXTargetDependency */ = {
			isa = PBXTargetDependency;
			target = C4F4766826D02380000DF719 /* SolutisTeste */;
			targetProxy = C4F4768B26D02382000DF719 /* PBXContainerItemProxy */;
		};
/* End PBXTargetDependency section */

/* Begin PBXVariantGroup section */
		C4F4767226D02380000DF719 /* Main.storyboard */ = {
			isa = PBXVariantGroup;
			children = (
				C4F4767326D02380000DF719 /* Base */,
			);
			name = Main.storyboard;
			sourceTree = "<group>";
		};
		C4F4767726D02381000DF719 /* LaunchScreen.storyboard */ = {
			isa = PBXVariantGroup;
			children = (
				C4F4767826D02381000DF719 /* Base */,
			);
			name = LaunchScreen.storyboard;
			sourceTree = "<group>";
		};
/* End PBXVariantGroup section */

/* Begin XCBuildConfiguration section */
		C4F4769126D02382000DF719 /* Debug */ = {
			isa = XCBuildConfiguration;
			buildSettings = {
				ALWAYS_SEARCH_USER_PATHS = NO;
				CLANG_ANALYZER_NONNULL = YES;
				CLANG_ANALYZER_NUMBER_OBJECT_CONVERSION = YES_AGGRESSIVE;
				CLANG_CXX_LANGUAGE_STANDARD = "gnu++14";
				CLANG_CXX_LIBRARY = "libc++";
				CLANG_ENABLE_MODULES = YES;
				CLANG_ENABLE_OBJC_ARC = YES;
				CLANG_ENABLE_OBJC_WEAK = YES;
				CLANG_WARN_BLOCK_CAPTURE_AUTORELEASING = YES;
				CLANG_WARN_BOOL_CONVERSION = YES;
				CLANG_WARN_COMMA = YES;
				CLANG_WARN_CONSTANT_CONVERSION = YES;
				CLANG_WARN_DEPRECATED_OBJC_IMPLEMENTATIONS = YES;
				CLANG_WARN_DIRECT_OBJC_ISA_USAGE = YES_ERROR;
				CLANG_WARN_DOCUMENTATION_COMMENTS = YES;
				CLANG_WARN_EMPTY_BODY = YES;
				CLANG_WARN_ENUM_CONVERSION = YES;
				CLANG_WARN_INFINITE_RECURSION = YES;
				CLANG_WARN_INT_CONVERSION = YES;
				CLANG_WARN_NON_LITERAL_NULL_CONVERSION = YES;
				CLANG_WARN_OBJC_IMPLICIT_RETAIN_SELF = YES;
				CLANG_WARN_OBJC_LITERAL_CONVERSION = YES;
				CLANG_WARN_OBJC_ROOT_CLASS = YES_ERROR;
				CLANG_WARN_QUOTED_INCLUDE_IN_FRAMEWORK_HEADER = YES;
				CLANG_WARN_RANGE_LOOP_ANALYSIS = YES;
				CLANG_WARN_STRICT_PROTOTYPES = YES;
				CLANG_WARN_SUSPICIOUS_MOVE = YES;
				CLANG_WARN_UNGUARDED_AVAILABILITY = YES_AGGRESSIVE;
				CLANG_WARN_UNREACHABLE_CODE = YES;
				CLANG_WARN__DUPLICATE_METHOD_MATCH = YES;
				COPY_PHASE_STRIP = NO;
				DEBUG_INFORMATION_FORMAT = dwarf;
				ENABLE_STRICT_OBJC_MSGSEND = YES;
				ENABLE_TESTABILITY = YES;
				GCC_C_LANGUAGE_STANDARD = gnu11;
				GCC_DYNAMIC_NO_PIC = NO;
				GCC_NO_COMMON_BLOCKS = YES;
				GCC_OPTIMIZATION_LEVEL = 0;
				GCC_PREPROCESSOR_DEFINITIONS = (
					"DEBUG=1",
					"$(inherited)",
				);
				GCC_WARN_64_TO_32_BIT_CONVERSION = YES;
				GCC_WARN_ABOUT_RETURN_TYPE = YES_ERROR;
				GCC_WARN_UNDECLARED_SELECTOR = YES;
				GCC_WARN_UNINITIALIZED_AUTOS = YES_AGGRESSIVE;
				GCC_WARN_UNUSED_FUNCTION = YES;
				GCC_WARN_UNUSED_VARIABLE = YES;
				IPHONEOS_DEPLOYMENT_TARGET = 14.2;
				MTL_ENABLE_DEBUG_INFO = INCLUDE_SOURCE;
				MTL_FAST_MATH = YES;
				ONLY_ACTIVE_ARCH = YES;
				SDKROOT = iphoneos;
				SWIFT_ACTIVE_COMPILATION_CONDITIONS = DEBUG;
				SWIFT_OPTIMIZATION_LEVEL = "-Onone";
			};
			name = Debug;
		};
		C4F4769226D02382000DF719 /* Release */ = {
			isa = XCBuildConfiguration;
			buildSettings = {
				ALWAYS_SEARCH_USER_PATHS = NO;
				CLANG_ANALYZER_NONNULL = YES;
				CLANG_ANALYZER_NUMBER_OBJECT_CONVERSION = YES_AGGRESSIVE;
				CLANG_CXX_LANGUAGE_STANDARD = "gnu++14";
				CLANG_CXX_LIBRARY = "libc++";
				CLANG_ENABLE_MODULES = YES;
				CLANG_ENABLE_OBJC_ARC = YES;
				CLANG_ENABLE_OBJC_WEAK = YES;
				CLANG_WARN_BLOCK_CAPTURE_AUTORELEASING = YES;
				CLANG_WARN_BOOL_CONVERSION = YES;
				CLANG_WARN_COMMA = YES;
				CLANG_WARN_CONSTANT_CONVERSION = YES;
				CLANG_WARN_DEPRECATED_OBJC_IMPLEMENTATIONS = YES;
				CLANG_WARN_DIRECT_OBJC_ISA_USAGE = YES_ERROR;
				CLANG_WARN_DOCUMENTATION_COMMENTS = YES;
				CLANG_WARN_EMPTY_BODY = YES;
				CLANG_WARN_ENUM_CONVERSION = YES;
				CLANG_WARN_INFINITE_RECURSION = YES;
				CLANG_WARN_INT_CONVERSION = YES;
				CLANG_WARN_NON_LITERAL_NULL_CONVERSION = YES;
				CLANG_WARN_OBJC_IMPLICIT_RETAIN_SELF = YES;
				CLANG_WARN_OBJC_LITERAL_CONVERSION = YES;
				CLANG_WARN_OBJC_ROOT_CLASS = YES_ERROR;
				CLANG_WARN_QUOTED_INCLUDE_IN_FRAMEWORK_HEADER = YES;
				CLANG_WARN_RANGE_LOOP_ANALYSIS = YES;
				CLANG_WARN_STRICT_PROTOTYPES = YES;
				CLANG_WARN_SUSPICIOUS_MOVE = YES;
				CLANG_WARN_UNGUARDED_AVAILABILITY = YES_AGGRESSIVE;
				CLANG_WARN_UNREACHABLE_CODE = YES;
				CLANG_WARN__DUPLICATE_METHOD_MATCH = YES;
				COPY_PHASE_STRIP = NO;
				DEBUG_INFORMATION_FORMAT = "dwarf-with-dsym";
				ENABLE_NS_ASSERTIONS = NO;
				ENABLE_STRICT_OBJC_MSGSEND = YES;
				GCC_C_LANGUAGE_STANDARD = gnu11;
				GCC_NO_COMMON_BLOCKS = YES;
				GCC_WARN_64_TO_32_BIT_CONVERSION = YES;
				GCC_WARN_ABOUT_RETURN_TYPE = YES_ERROR;
				GCC_WARN_UNDECLARED_SELECTOR = YES;
				GCC_WARN_UNINITIALIZED_AUTOS = YES_AGGRESSIVE;
				GCC_WARN_UNUSED_FUNCTION = YES;
				GCC_WARN_UNUSED_VARIABLE = YES;
				IPHONEOS_DEPLOYMENT_TARGET = 14.2;
				MTL_ENABLE_DEBUG_INFO = NO;
				MTL_FAST_MATH = YES;
				SDKROOT = iphoneos;
				SWIFT_COMPILATION_MODE = wholemodule;
				SWIFT_OPTIMIZATION_LEVEL = "-O";
				VALIDATE_PRODUCT = YES;
			};
			name = Release;
		};
		C4F4769426D02382000DF719 /* Debug */ = {
			isa = XCBuildConfiguration;
			baseConfigurationReference = CD1EC85D86DC7B00E22E2C40 /* Pods-SolutisTeste.debug.xcconfig */;
			buildSettings = {
				ASSETCATALOG_COMPILER_APPICON_NAME = AppIcon;
				ASSETCATALOG_COMPILER_GLOBAL_ACCENT_COLOR_NAME = AccentColor;
				CODE_SIGN_STYLE = Automatic;
				INFOPLIST_FILE = SolutisTeste/Info.plist;
				LD_RUNPATH_SEARCH_PATHS = (
					"$(inherited)",
					"@executable_path/Frameworks",
				);
				PRODUCT_BUNDLE_IDENTIFIER = com.roberto.SolutisTeste;
				PRODUCT_NAME = "$(TARGET_NAME)";
				SWIFT_VERSION = 5.0;
				TARGETED_DEVICE_FAMILY = "1,2";
			};
			name = Debug;
		};
		C4F4769526D02382000DF719 /* Release */ = {
			isa = XCBuildConfiguration;
			baseConfigurationReference = 224B47D6045203B65F67C12C /* Pods-SolutisTeste.release.xcconfig */;
			buildSettings = {
				ASSETCATALOG_COMPILER_APPICON_NAME = AppIcon;
				ASSETCATALOG_COMPILER_GLOBAL_ACCENT_COLOR_NAME = AccentColor;
				CODE_SIGN_STYLE = Automatic;
				INFOPLIST_FILE = SolutisTeste/Info.plist;
				LD_RUNPATH_SEARCH_PATHS = (
					"$(inherited)",
					"@executable_path/Frameworks",
				);
				PRODUCT_BUNDLE_IDENTIFIER = com.roberto.SolutisTeste;
				PRODUCT_NAME = "$(TARGET_NAME)";
				SWIFT_VERSION = 5.0;
				TARGETED_DEVICE_FAMILY = "1,2";
			};
			name = Release;
		};
		C4F4769726D02382000DF719 /* Debug */ = {
			isa = XCBuildConfiguration;
			baseConfigurationReference = 2A3392711A4619AC24AFCDF6 /* Pods-SolutisTesteTests.debug.xcconfig */;
			buildSettings = {
				ALWAYS_EMBED_SWIFT_STANDARD_LIBRARIES = YES;
				BUNDLE_LOADER = "$(TEST_HOST)";
				CODE_SIGN_STYLE = Automatic;
				INFOPLIST_FILE = SolutisTesteTests/Info.plist;
				IPHONEOS_DEPLOYMENT_TARGET = 14.2;
				LD_RUNPATH_SEARCH_PATHS = (
					"$(inherited)",
					"@executable_path/Frameworks",
					"@loader_path/Frameworks",
				);
				PRODUCT_BUNDLE_IDENTIFIER = com.roberto.SolutisTesteTests;
				PRODUCT_NAME = "$(TARGET_NAME)";
				SWIFT_VERSION = 5.0;
				TARGETED_DEVICE_FAMILY = "1,2";
				TEST_HOST = "$(BUILT_PRODUCTS_DIR)/SolutisTeste.app/SolutisTeste";
			};
			name = Debug;
		};
		C4F4769826D02382000DF719 /* Release */ = {
			isa = XCBuildConfiguration;
			baseConfigurationReference = 6325ABB25045792B3A7C4C12 /* Pods-SolutisTesteTests.release.xcconfig */;
			buildSettings = {
				ALWAYS_EMBED_SWIFT_STANDARD_LIBRARIES = YES;
				BUNDLE_LOADER = "$(TEST_HOST)";
				CODE_SIGN_STYLE = Automatic;
				INFOPLIST_FILE = SolutisTesteTests/Info.plist;
				IPHONEOS_DEPLOYMENT_TARGET = 14.2;
				LD_RUNPATH_SEARCH_PATHS = (
					"$(inherited)",
					"@executable_path/Frameworks",
					"@loader_path/Frameworks",
				);
				PRODUCT_BUNDLE_IDENTIFIER = com.roberto.SolutisTesteTests;
				PRODUCT_NAME = "$(TARGET_NAME)";
				SWIFT_VERSION = 5.0;
				TARGETED_DEVICE_FAMILY = "1,2";
				TEST_HOST = "$(BUILT_PRODUCTS_DIR)/SolutisTeste.app/SolutisTeste";
			};
			name = Release;
		};
		C4F4769A26D02382000DF719 /* Debug */ = {
			isa = XCBuildConfiguration;
			baseConfigurationReference = 50FC73245AA38DC816757CC4 /* Pods-SolutisTeste-SolutisTesteUITests.debug.xcconfig */;
			buildSettings = {
				ALWAYS_EMBED_SWIFT_STANDARD_LIBRARIES = YES;
				CODE_SIGN_STYLE = Automatic;
				INFOPLIST_FILE = SolutisTesteUITests/Info.plist;
				LD_RUNPATH_SEARCH_PATHS = (
					"$(inherited)",
					"@executable_path/Frameworks",
					"@loader_path/Frameworks",
				);
				PRODUCT_BUNDLE_IDENTIFIER = com.roberto.SolutisTesteUITests;
				PRODUCT_NAME = "$(TARGET_NAME)";
				SWIFT_VERSION = 5.0;
				TARGETED_DEVICE_FAMILY = "1,2";
				TEST_TARGET_NAME = SolutisTeste;
			};
			name = Debug;
		};
		C4F4769B26D02382000DF719 /* Release */ = {
			isa = XCBuildConfiguration;
			baseConfigurationReference = 054E5C868E2194E1736A62E0 /* Pods-SolutisTeste-SolutisTesteUITests.release.xcconfig */;
			buildSettings = {
				ALWAYS_EMBED_SWIFT_STANDARD_LIBRARIES = YES;
				CODE_SIGN_STYLE = Automatic;
				INFOPLIST_FILE = SolutisTesteUITests/Info.plist;
				LD_RUNPATH_SEARCH_PATHS = (
					"$(inherited)",
					"@executable_path/Frameworks",
					"@loader_path/Frameworks",
				);
				PRODUCT_BUNDLE_IDENTIFIER = com.roberto.SolutisTesteUITests;
				PRODUCT_NAME = "$(TARGET_NAME)";
				SWIFT_VERSION = 5.0;
				TARGETED_DEVICE_FAMILY = "1,2";
				TEST_TARGET_NAME = SolutisTeste;
			};
			name = Release;
		};
/* End XCBuildConfiguration section */

/* Begin XCConfigurationList section */
		C4F4766426D02380000DF719 /* Build configuration list for PBXProject "SolutisTeste" */ = {
			isa = XCConfigurationList;
			buildConfigurations = (
				C4F4769126D02382000DF719 /* Debug */,
				C4F4769226D02382000DF719 /* Release */,
			);
			defaultConfigurationIsVisible = 0;
			defaultConfigurationName = Release;
		};
		C4F4769326D02382000DF719 /* Build configuration list for PBXNativeTarget "SolutisTeste" */ = {
			isa = XCConfigurationList;
			buildConfigurations = (
				C4F4769426D02382000DF719 /* Debug */,
				C4F4769526D02382000DF719 /* Release */,
			);
			defaultConfigurationIsVisible = 0;
			defaultConfigurationName = Release;
		};
		C4F4769626D02382000DF719 /* Build configuration list for PBXNativeTarget "SolutisTesteTests" */ = {
			isa = XCConfigurationList;
			buildConfigurations = (
				C4F4769726D02382000DF719 /* Debug */,
				C4F4769826D02382000DF719 /* Release */,
			);
			defaultConfigurationIsVisible = 0;
			defaultConfigurationName = Release;
		};
		C4F4769926D02382000DF719 /* Build configuration list for PBXNativeTarget "SolutisTesteUITests" */ = {
			isa = XCConfigurationList;
			buildConfigurations = (
				C4F4769A26D02382000DF719 /* Debug */,
				C4F4769B26D02382000DF719 /* Release */,
			);
			defaultConfigurationIsVisible = 0;
			defaultConfigurationName = Release;
		};
/* End XCConfigurationList section */
	};
	rootObject = C4F4766126D02380000DF719 /* Project object */;
}
